// !$*UTF8*$!
{
	archiveVersion = 1;
	classes = {
	};
	objectVersion = 46;
	objects = {

/* Begin PBXBuildFile section */
		ADD4E4BB1C89894B0012420F /* AppDelegate.swift in Sources */ = {isa = PBXBuildFile; fileRef = ADD4E4BA1C89894B0012420F /* AppDelegate.swift */; };
		ADD4E4BD1C89894B0012420F /* ViewController.swift in Sources */ = {isa = PBXBuildFile; fileRef = ADD4E4BC1C89894B0012420F /* ViewController.swift */; };
		ADD4E4C01C89894B0012420F /* Main.storyboard in Resources */ = {isa = PBXBuildFile; fileRef = ADD4E4BE1C89894B0012420F /* Main.storyboard */; };
		ADD4E4C21C89894B0012420F /* Assets.xcassets in Resources */ = {isa = PBXBuildFile; fileRef = ADD4E4C11C89894B0012420F /* Assets.xcassets */; };
		ADD4E4C51C89894B0012420F /* LaunchScreen.storyboard in Resources */ = {isa = PBXBuildFile; fileRef = ADD4E4C31C89894B0012420F /* LaunchScreen.storyboard */; };
		ADD4E4D01C89894B0012420F /* SwiftNodesTests.swift in Sources */ = {isa = PBXBuildFile; fileRef = ADD4E4CF1C89894B0012420F /* SwiftNodesTests.swift */; };
/* End PBXBuildFile section */

/* Begin PBXContainerItemProxy section */
		ADD4E4CC1C89894B0012420F /* PBXContainerItemProxy */ = {
			isa = PBXContainerItemProxy;
			containerPortal = ADD4E4AF1C89894B0012420F /* Project object */;
			proxyType = 1;
			remoteGlobalIDString = ADD4E4B61C89894B0012420F;
			remoteInfo = SwiftNodes;
		};
/* End PBXContainerItemProxy section */

/* Begin PBXFileReference section */
		ADD4E4B71C89894B0012420F /* SwiftNodes.app */ = {isa = PBXFileReference; explicitFileType = wrapper.application; includeInIndex = 0; path = SwiftNodes.app; sourceTree = BUILT_PRODUCTS_DIR; };
		ADD4E4BA1C89894B0012420F /* AppDelegate.swift */ = {isa = PBXFileReference; lastKnownFileType = sourcecode.swift; path = AppDelegate.swift; sourceTree = "<group>"; };
		ADD4E4BC1C89894B0012420F /* ViewController.swift */ = {isa = PBXFileReference; lastKnownFileType = sourcecode.swift; path = ViewController.swift; sourceTree = "<group>"; };
		ADD4E4BF1C89894B0012420F /* Base */ = {isa = PBXFileReference; lastKnownFileType = file.storyboard; name = Base; path = Base.lproj/Main.storyboard; sourceTree = "<group>"; };
		ADD4E4C11C89894B0012420F /* Assets.xcassets */ = {isa = PBXFileReference; lastKnownFileType = folder.assetcatalog; path = Assets.xcassets; sourceTree = "<group>"; };
		ADD4E4C41C89894B0012420F /* Base */ = {isa = PBXFileReference; lastKnownFileType = file.storyboard; name = Base; path = Base.lproj/LaunchScreen.storyboard; sourceTree = "<group>"; };
		ADD4E4C61C89894B0012420F /* Info.plist */ = {isa = PBXFileReference; lastKnownFileType = text.plist.xml; path = Info.plist; sourceTree = "<group>"; };
		ADD4E4CB1C89894B0012420F /* SwiftNodesTests.xctest */ = {isa = PBXFileReference; explicitFileType = wrapper.cfbundle; includeInIndex = 0; path = SwiftNodesTests.xctest; sourceTree = BUILT_PRODUCTS_DIR; };
		ADD4E4CF1C89894B0012420F /* SwiftNodesTests.swift */ = {isa = PBXFileReference; lastKnownFileType = sourcecode.swift; path = SwiftNodesTests.swift; sourceTree = "<group>"; };
		ADD4E4D11C89894B0012420F /* Info.plist */ = {isa = PBXFileReference; lastKnownFileType = text.plist.xml; path = Info.plist; sourceTree = "<group>"; };
/* End PBXFileReference section */

/* Begin PBXFrameworksBuildPhase section */
		ADD4E4B41C89894B0012420F /* Frameworks */ = {
			isa = PBXFrameworksBuildPhase;
			buildActionMask = 2147483647;
			files = (
			);
			runOnlyForDeploymentPostprocessing = 0;
		};
		ADD4E4C81C89894B0012420F /* Frameworks */ = {
			isa = PBXFrameworksBuildPhase;
			buildActionMask = 2147483647;
			files = (
			);
			runOnlyForDeploymentPostprocessing = 0;
		};
/* End PBXFrameworksBuildPhase section */

/* Begin PBXGroup section */
		ADD4E4AE1C89894B0012420F = {
			isa = PBXGroup;
			children = (
				ADD4E4B91C89894B0012420F /* SwiftNodes */,
				ADD4E4CE1C89894B0012420F /* SwiftNodesTests */,
				ADD4E4B81C89894B0012420F /* Products */,
			);
			sourceTree = "<group>";
		};
		ADD4E4B81C89894B0012420F /* Products */ = {
			isa = PBXGroup;
			children = (
				ADD4E4B71C89894B0012420F /* SwiftNodes.app */,
				ADD4E4CB1C89894B0012420F /* SwiftNodesTests.xctest */,
			);
			name = Products;
			sourceTree = "<group>";
		};
		ADD4E4B91C89894B0012420F /* SwiftNodes */ = {
			isa = PBXGroup;
			children = (
				ADD4E4BA1C89894B0012420F /* AppDelegate.swift */,
				ADD4E4BC1C89894B0012420F /* ViewController.swift */,
				ADD4E4BE1C89894B0012420F /* Main.storyboard */,
				ADD4E4C11C89894B0012420F /* Assets.xcassets */,
				ADD4E4C31C89894B0012420F /* LaunchScreen.storyboard */,
				ADD4E4C61C89894B0012420F /* Info.plist */,
			);
			path = SwiftNodes;
			sourceTree = "<group>";
		};
		ADD4E4CE1C89894B0012420F /* SwiftNodesTests */ = {
			isa = PBXGroup;
			children = (
				ADD4E4CF1C89894B0012420F /* SwiftNodesTests.swift */,
				ADD4E4D11C89894B0012420F /* Info.plist */,
			);
			path = SwiftNodesTests;
			sourceTree = "<group>";
		};
/* End PBXGroup section */

/* Begin PBXNativeTarget section */
		ADD4E4B61C89894B0012420F /* SwiftNodes */ = {
			isa = PBXNativeTarget;
			buildConfigurationList = ADD4E4D41C89894B0012420F /* Build configuration list for PBXNativeTarget "SwiftNodes" */;
			buildPhases = (
				ADD4E4B31C89894B0012420F /* Sources */,
				ADD4E4B41C89894B0012420F /* Frameworks */,
				ADD4E4B51C89894B0012420F /* Resources */,
			);
			buildRules = (
			);
			dependencies = (
			);
			name = SwiftNodes;
			productName = SwiftNodes;
			productReference = ADD4E4B71C89894B0012420F /* SwiftNodes.app */;
			productType = "com.apple.product-type.application";
		};
		ADD4E4CA1C89894B0012420F /* SwiftNodesTests */ = {
			isa = PBXNativeTarget;
			buildConfigurationList = ADD4E4D71C89894B0012420F /* Build configuration list for PBXNativeTarget "SwiftNodesTests" */;
			buildPhases = (
				ADD4E4C71C89894B0012420F /* Sources */,
				ADD4E4C81C89894B0012420F /* Frameworks */,
				ADD4E4C91C89894B0012420F /* Resources */,
			);
			buildRules = (
			);
			dependencies = (
				ADD4E4CD1C89894B0012420F /* PBXTargetDependency */,
			);
			name = SwiftNodesTests;
			productName = SwiftNodesTests;
			productReference = ADD4E4CB1C89894B0012420F /* SwiftNodesTests.xctest */;
			productType = "com.apple.product-type.bundle.unit-test";
		};
/* End PBXNativeTarget section */

/* Begin PBXProject section */
		ADD4E4AF1C89894B0012420F /* Project object */ = {
			isa = PBXProject;
			attributes = {
				LastSwiftUpdateCheck = 0720;
				LastUpgradeCheck = 0720;
				ORGANIZATIONNAME = CoderBook;
				TargetAttributes = {
					ADD4E4B61C89894B0012420F = {
						CreatedOnToolsVersion = 7.2;
					};
					ADD4E4CA1C89894B0012420F = {
						CreatedOnToolsVersion = 7.2;
						TestTargetID = ADD4E4B61C89894B0012420F;
					};
				};
			};
			buildConfigurationList = ADD4E4B21C89894B0012420F /* Build configuration list for PBXProject "SwiftNodes" */;
			compatibilityVersion = "Xcode 3.2";
			developmentRegion = English;
			hasScannedForEncodings = 0;
			knownRegions = (
				en,
				Base,
			);
			mainGroup = ADD4E4AE1C89894B0012420F;
			productRefGroup = ADD4E4B81C89894B0012420F /* Products */;
			projectDirPath = "";
			projectRoot = "";
			targets = (
				ADD4E4B61C89894B0012420F /* SwiftNodes */,
				ADD4E4CA1C89894B0012420F /* SwiftNodesTests */,
			);
		};
/* End PBXProject section */

/* Begin PBXResourcesBuildPhase section */
		ADD4E4B51C89894B0012420F /* Resources */ = {
			isa = PBXResourcesBuildPhase;
			buildActionMask = 2147483647;
			files = (
				ADD4E4C51C89894B0012420F /* LaunchScreen.storyboard in Resources */,
				ADD4E4C21C89894B0012420F /* Assets.xcassets in Resources */,
				ADD4E4C01C89894B0012420F /* Main.storyboard in Resources */,
			);
			runOnlyForDeploymentPostprocessing = 0;
		};
		ADD4E4C91C89894B0012420F /* Resources */ = {
			isa = PBXResourcesBuildPhase;
			buildActionMask = 2147483647;
			files = (
			);
			runOnlyForDeploymentPostprocessing = 0;
		};
/* End PBXResourcesBuildPhase section */

/* Begin PBXSourcesBuildPhase section */
		ADD4E4B31C89894B0012420F /* Sources */ = {
			isa = PBXSourcesBuildPhase;
			buildActionMask = 2147483647;
			files = (
				ADD4E4BD1C89894B0012420F /* ViewController.swift in Sources */,
				ADD4E4BB1C89894B0012420F /* AppDelegate.swift in Sources */,
			);
			runOnlyForDeploymentPostprocessing = 0;
		};
		ADD4E4C71C89894B0012420F /* Sources */ = {
			isa = PBXSourcesBuildPhase;
			buildActionMask = 2147483647;
			files = (
				ADD4E4D01C89894B0012420F /* SwiftNodesTests.swift in Sources */,
			);
			runOnlyForDeploymentPostprocessing = 0;
		};
/* End PBXSourcesBuildPhase section */

/* Begin PBXTargetDependency section */
		ADD4E4CD1C89894B0012420F /* PBXTargetDependency */ = {
			isa = PBXTargetDependency;
			target = ADD4E4B61C89894B0012420F /* SwiftNodes */;
			targetProxy = ADD4E4CC1C89894B0012420F /* PBXContainerItemProxy */;
		};
/* End PBXTargetDependency section */

/* Begin PBXVariantGroup section */
		ADD4E4BE1C89894B0012420F /* Main.storyboard */ = {
			isa = PBXVariantGroup;
			children = (
				ADD4E4BF1C89894B0012420F /* Base */,
			);
			name = Main.storyboard;
			sourceTree = "<group>";
		};
		ADD4E4C31C89894B0012420F /* LaunchScreen.storyboard */ = {
			isa = PBXVariantGroup;
			children = (
				ADD4E4C41C89894B0012420F /* Base */,
			);
			name = LaunchScreen.storyboard;
			sourceTree = "<group>";
		};
/* End PBXVariantGroup section */

/* Begin XCBuildConfiguration section */
		ADD4E4D21C89894B0012420F /* Debug */ = {
			isa = XCBuildConfiguration;
			buildSettings = {
				ALWAYS_SEARCH_USER_PATHS = NO;
				CLANG_CXX_LANGUAGE_STANDARD = "gnu++0x";
				CLANG_CXX_LIBRARY = "libc++";
				CLANG_ENABLE_MODULES = YES;
				CLANG_ENABLE_OBJC_ARC = YES;
				CLANG_WARN_BOOL_CONVERSION = YES;
				CLANG_WARN_CONSTANT_CONVERSION = YES;
				CLANG_WARN_DIRECT_OBJC_ISA_USAGE = YES_ERROR;
				CLANG_WARN_EMPTY_BODY = YES;
				CLANG_WARN_ENUM_CONVERSION = YES;
				CLANG_WARN_INT_CONVERSION = YES;
				CLANG_WARN_OBJC_ROOT_CLASS = YES_ERROR;
				CLANG_WARN_UNREACHABLE_CODE = YES;
				CLANG_WARN__DUPLICATE_METHOD_MATCH = YES;
				"CODE_SIGN_IDENTITY[sdk=iphoneos*]" = "iPhone Developer";
				COPY_PHASE_STRIP = NO;
				DEBUG_INFORMATION_FORMAT = dwarf;
				ENABLE_STRICT_OBJC_MSGSEND = YES;
				ENABLE_TESTABILITY = YES;
				GCC_C_LANGUAGE_STANDARD = gnu99;
				GCC_DYNAMIC_NO_PIC = NO;
				GCC_NO_COMMON_BLOCKS = YES;
				GCC_OPTIMIZATION_LEVEL = 0;
				GCC_PREPROCESSOR_DEFINITIONS = (
					"DEBUG=1",
					"$(inherited)",
				);
				GCC_WARN_64_TO_32_BIT_CONVERSION = YES;
				GCC_WARN_ABOUT_RETURN_TYPE = YES_ERROR;
				GCC_WARN_UNDECLARED_SELECTOR = YES;
				GCC_WARN_UNINITIALIZED_AUTOS = YES_AGGRESSIVE;
				GCC_WARN_UNUSED_FUNCTION = YES;
				GCC_WARN_UNUSED_VARIABLE = YES;
				IPHONEOS_DEPLOYMENT_TARGET = 9.2;
				MTL_ENABLE_DEBUG_INFO = YES;
				ONLY_ACTIVE_ARCH = YES;
				SDKROOT = iphoneos;
				SWIFT_OPTIMIZATION_LEVEL = "-Onone";
				TARGETED_DEVICE_FAMILY = "1,2";
			};
			name = Debug;
		};
		ADD4E4D31C89894B0012420F /* Release */ = {
			isa = XCBuildConfiguration;
			buildSettings = {
				ALWAYS_SEARCH_USER_PATHS = NO;
				CLANG_CXX_LANGUAGE_STANDARD = "gnu++0x";
				CLANG_CXX_LIBRARY = "libc++";
				CLANG_ENABLE_MODULES = YES;
				CLANG_ENABLE_OBJC_ARC = YES;
				CLANG_WARN_BOOL_CONVERSION = YES;
				CLANG_WARN_CONSTANT_CONVERSION = YES;
				CLANG_WARN_DIRECT_OBJC_ISA_USAGE = YES_ERROR;
				CLANG_WARN_EMPTY_BODY = YES;
				CLANG_WARN_ENUM_CONVERSION = YES;
				CLANG_WARN_INT_CONVERSION = YES;
				CLANG_WARN_OBJC_ROOT_CLASS = YES_ERROR;
				CLANG_WARN_UNREACHABLE_CODE = YES;
				CLANG_WARN__DUPLICATE_METHOD_MATCH = YES;
				"CODE_SIGN_IDENTITY[sdk=iphoneos*]" = "iPhone Developer";
				COPY_PHASE_STRIP = NO;
				DEBUG_INFORMATION_FORMAT = "dwarf-with-dsym";
				ENABLE_NS_ASSERTIONS = NO;
				ENABLE_STRICT_OBJC_MSGSEND = YES;
				GCC_C_LANGUAGE_STANDARD = gnu99;
				GCC_NO_COMMON_BLOCKS = YES;
				GCC_WARN_64_TO_32_BIT_CONVERSION = YES;
				GCC_WARN_ABOUT_RETURN_TYPE = YES_ERROR;
				GCC_WARN_UNDECLARED_SELECTOR = YES;
				GCC_WARN_UNINITIALIZED_AUTOS = YES_AGGRESSIVE;
				GCC_WARN_UNUSED_FUNCTION = YES;
				GCC_WARN_UNUSED_VARIABLE = YES;
				IPHONEOS_DEPLOYMENT_TARGET = 9.2;
				MTL_ENABLE_DEBUG_INFO = NO;
				SDKROOT = iphoneos;
				TARGETED_DEVICE_FAMILY = "1,2";
				VALIDATE_PRODUCT = YES;
			};
			name = Release;
		};
		ADD4E4D51C89894B0012420F /* Debug */ = {
			isa = XCBuildConfiguration;
			buildSettings = {
				ASSETCATALOG_COMPILER_APPICON_NAME = AppIcon;
				INFOPLIST_FILE = SwiftNodes/Info.plist;
				IPHONEOS_DEPLOYMENT_TARGET = 8.0;
				LD_RUNPATH_SEARCH_PATHS = "$(inherited) @executable_path/Frameworks";
				PRODUCT_BUNDLE_IDENTIFIER = com.coderbook.SwiftNodes;
				PRODUCT_NAME = "$(TARGET_NAME)";
			};
			name = Debug;
		};
		ADD4E4D61C89894B0012420F /* Release */ = {
			isa = XCBuildConfiguration;
			buildSettings = {
				ASSETCATALOG_COMPILER_APPICON_NAME = AppIcon;
				INFOPLIST_FILE = SwiftNodes/Info.plist;
				IPHONEOS_DEPLOYMENT_TARGET = 8.0;
				LD_RUNPATH_SEARCH_PATHS = "$(inherited) @executable_path/Frameworks";
				PRODUCT_BUNDLE_IDENTIFIER = com.coderbook.SwiftNodes;
				PRODUCT_NAME = "$(TARGET_NAME)";
			};
			name = Release;
		};
		ADD4E4D81C89894B0012420F /* Debug */ = {
			isa = XCBuildConfiguration;
			buildSettings = {
				BUNDLE_LOADER = "$(TEST_HOST)";
				INFOPLIST_FILE = SwiftNodesTests/Info.plist;
				LD_RUNPATH_SEARCH_PATHS = "$(inherited) @executable_path/Frameworks @loader_path/Frameworks";
				PRODUCT_BUNDLE_IDENTIFIER = com.coderbook.SwiftNodesTests;
				PRODUCT_NAME = "$(TARGET_NAME)";
				TEST_HOST = "$(BUILT_PRODUCTS_DIR)/SwiftNodes.app/SwiftNodes";
			};
			name = Debug;
		};
		ADD4E4D91C89894B0012420F /* Release */ = {
			isa = XCBuildConfiguration;
			buildSettings = {
				BUNDLE_LOADER = "$(TEST_HOST)";
				INFOPLIST_FILE = SwiftNodesTests/Info.plist;
				LD_RUNPATH_SEARCH_PATHS = "$(inherited) @executable_path/Frameworks @loader_path/Frameworks";
				PRODUCT_BUNDLE_IDENTIFIER = com.coderbook.SwiftNodesTests;
				PRODUCT_NAME = "$(TARGET_NAME)";
				TEST_HOST = "$(BUILT_PRODUCTS_DIR)/SwiftNodes.app/SwiftNodes";
			};
			name = Release;
		};
/* End XCBuildConfiguration section */

/* Begin XCConfigurationList section */
		ADD4E4B21C89894B0012420F /* Build configuration list for PBXProject "SwiftNodes" */ = {
			isa = XCConfigurationList;
			buildConfigurations = (
				ADD4E4D21C89894B0012420F /* Debug */,
				ADD4E4D31C89894B0012420F /* Release */,
			);
			defaultConfigurationIsVisible = 0;
			defaultConfigurationName = Release;
		};
		ADD4E4D41C89894B0012420F /* Build configuration list for PBXNativeTarget "SwiftNodes" */ = {
			isa = XCConfigurationList;
			buildConfigurations = (
				ADD4E4D51C89894B0012420F /* Debug */,
				ADD4E4D61C89894B0012420F /* Release */,
			);
			defaultConfigurationIsVisible = 0;
		};
		ADD4E4D71C89894B0012420F /* Build configuration list for PBXNativeTarget "SwiftNodesTests" */ = {
			isa = XCConfigurationList;
			buildConfigurations = (
				ADD4E4D81C89894B0012420F /* Debug */,
				ADD4E4D91C89894B0012420F /* Release */,
			);
			defaultConfigurationIsVisible = 0;
		};
/* End XCConfigurationList section */
	};
	rootObject = ADD4E4AF1C89894B0012420F /* Project object */;
}
